{
  "version": 4,
  "terraform_version": "1.11.4",
  "serial": 151,
  "lineage": "e062b9de-6b35-d2c4-db7c-60b1b0f6509c",
  "outputs": {},
  "resources": [
    {
      "mode": "managed",
      "type": "keycloak_authentication_execution",
      "name": "totp_in_subflow",
      "provider": "provider[\"registry.terraform.io/keycloak/keycloak\"]",
      "instances": [
        {
          "schema_version": 0,
          "attributes": {
            "authenticator": "auth-otp-form",
            "id": "12adc258-4cb0-4ec3-9e82-73ce68cfed99",
            "parent_flow_alias": "totp-subflow",
            "priority": 0,
            "realm_id": "teste",
            "requirement": "REQUIRED"
          },
          "sensitive_attributes": [],
          "private": "bnVsbA==",
          "dependencies": [
            "keycloak_authentication_flow.auth_e_pass",
            "keycloak_authentication_subflow.totp_optional",
            "keycloak_realm.teste"
          ]
        }
      ]
    },
    {
      "mode": "managed",
      "type": "keycloak_authentication_execution",
      "name": "username_password",
      "provider": "provider[\"registry.terraform.io/keycloak/keycloak\"]",
      "instances": [
        {
          "schema_version": 0,
          "attributes": {
            "authenticator": "auth-username-password-form",
            "id": "909db25f-9065-4208-98da-c5f5d8329da9",
            "parent_flow_alias": "auth e pass",
            "priority": 0,
            "realm_id": "teste",
            "requirement": "REQUIRED"
          },
          "sensitive_attributes": [],
          "private": "bnVsbA==",
          "dependencies": [
            "keycloak_authentication_flow.auth_e_pass",
            "keycloak_realm.teste"
          ]
        }
      ]
    },
    {
      "mode": "managed",
      "type": "keycloak_authentication_execution_config",
      "name": "totp",
      "provider": "provider[\"registry.terraform.io/keycloak/keycloak\"]",
      "instances": [
        {
          "schema_version": 0,
          "attributes": {
            "alias": "totp-context",
            "config": {
              "authnContextClassRef": "2"
            },
            "execution_id": "12adc258-4cb0-4ec3-9e82-73ce68cfed99",
            "id": "06c98bd9-f21c-4d9c-ba83-0568d1398936",
            "realm_id": "teste"
          },
          "sensitive_attributes": [],
          "private": "bnVsbA==",
          "dependencies": [
            "keycloak_authentication_execution.totp_in_subflow",
            "keycloak_authentication_flow.auth_e_pass",
            "keycloak_authentication_subflow.totp_optional",
            "keycloak_realm.teste"
          ]
        }
      ]
    },
    {
      "mode": "managed",
      "type": "keycloak_authentication_execution_config",
      "name": "username_password",
      "provider": "provider[\"registry.terraform.io/keycloak/keycloak\"]",
      "instances": [
        {
          "schema_version": 0,
          "attributes": {
            "alias": "username-password-context",
            "config": {
              "authnContextClassRef": "1"
            },
            "execution_id": "909db25f-9065-4208-98da-c5f5d8329da9",
            "id": "aa71589e-661a-43a9-81c3-620f7e246196",
            "realm_id": "teste"
          },
          "sensitive_attributes": [],
          "private": "bnVsbA==",
          "dependencies": [
            "keycloak_authentication_execution.username_password",
            "keycloak_authentication_flow.auth_e_pass",
            "keycloak_realm.teste"
          ]
        }
      ]
    },
    {
      "mode": "managed",
      "type": "keycloak_authentication_flow",
      "name": "auth_e_pass",
      "provider": "provider[\"registry.terraform.io/keycloak/keycloak\"]",
      "instances": [
        {
          "schema_version": 0,
          "attributes": {
            "alias": "auth e pass",
            "description": "Fluxo com autenticação baseada em senha e TOTP opcional",
            "id": "b31ef2b5-4b79-46f1-a196-5fdb83055957",
            "provider_id": "basic-flow",
            "realm_id": "teste"
          },
          "sensitive_attributes": [],
          "private": "bnVsbA==",
          "dependencies": [
            "keycloak_realm.teste"
          ]
        }
      ]
    },
    {
      "mode": "managed",
      "type": "keycloak_authentication_subflow",
      "name": "totp_optional",
      "provider": "provider[\"registry.terraform.io/keycloak/keycloak\"]",
      "instances": [
        {
          "schema_version": 0,
          "attributes": {
            "alias": "totp-subflow",
            "authenticator": "",
            "description": "Subfluxo TOTP opcional",
            "id": "bd8e4e2a-5e6b-4501-a8bd-b8dbab209ebe",
            "parent_flow_alias": "auth e pass",
            "priority": 0,
            "provider_id": "basic-flow",
            "realm_id": "teste",
            "requirement": "ALTERNATIVE"
          },
          "sensitive_attributes": [],
          "private": "bnVsbA==",
          "dependencies": [
            "keycloak_authentication_flow.auth_e_pass",
            "keycloak_realm.teste"
          ]
        }
      ]
    },
    {
      "mode": "managed",
      "type": "keycloak_group",
      "name": "admins",
      "provider": "provider[\"registry.terraform.io/keycloak/keycloak\"]",
      "instances": [
        {
          "schema_version": 0,
          "attributes": {
            "attributes": {
              "nivel_acesso": "alto"
            },
            "id": "7b020a1b-56c0-403e-8a46-34894f418872",
            "name": "admins",
            "parent_id": null,
            "path": "/admins",
            "realm_id": "teste"
          },
          "sensitive_attributes": [],
          "private": "bnVsbA==",
          "dependencies": [
            "keycloak_realm.teste"
          ]
        }
      ]
    },
    {
      "mode": "managed",
      "type": "keycloak_group",
      "name": "users",
      "provider": "provider[\"registry.terraform.io/keycloak/keycloak\"]",
      "instances": [
        {
          "schema_version": 0,
          "attributes": {
            "attributes": {
              "nivel_acesso": "baixo"
            },
            "id": "347fcd96-9f06-4668-9cfa-75165165933a",
            "name": "users",
            "parent_id": null,
            "path": "/users",
            "realm_id": "teste"
          },
          "sensitive_attributes": [],
          "private": "bnVsbA==",
          "dependencies": [
            "keycloak_realm.teste"
          ]
        }
      ]
    },
    {
      "mode": "managed",
      "type": "keycloak_group_memberships",
      "name": "admins",
      "provider": "provider[\"registry.terraform.io/keycloak/keycloak\"]",
      "instances": [
        {
          "schema_version": 0,
          "attributes": {
            "group_id": "7b020a1b-56c0-403e-8a46-34894f418872",
            "id": "teste/group-memberships/7b020a1b-56c0-403e-8a46-34894f418872",
            "members": [
              "marcelo"
            ],
            "realm_id": "teste"
          },
          "sensitive_attributes": [],
          "private": "bnVsbA==",
          "dependencies": [
            "keycloak_group.admins",
            "keycloak_realm.teste"
          ]
        }
      ]
    },
    {
      "mode": "managed",
      "type": "keycloak_group_memberships",
      "name": "users",
      "provider": "provider[\"registry.terraform.io/keycloak/keycloak\"]",
      "instances": [
        {
          "schema_version": 0,
          "attributes": {
            "group_id": "347fcd96-9f06-4668-9cfa-75165165933a",
            "id": "teste/group-memberships/347fcd96-9f06-4668-9cfa-75165165933a",
            "members": [
              "rosa"
            ],
            "realm_id": "teste"
          },
          "sensitive_attributes": [],
          "private": "bnVsbA==",
          "dependencies": [
            "keycloak_group.users",
            "keycloak_realm.teste"
          ]
        }
      ]
    },
    {
      "mode": "managed",
      "type": "keycloak_group_roles",
      "name": "admins_roles",
      "provider": "provider[\"registry.terraform.io/keycloak/keycloak\"]",
      "instances": [
        {
          "schema_version": 0,
          "attributes": {
            "exhaustive": true,
            "group_id": "7b020a1b-56c0-403e-8a46-34894f418872",
            "id": "teste/7b020a1b-56c0-403e-8a46-34894f418872",
            "realm_id": "teste",
            "role_ids": [
              "teste"
            ]
          },
          "sensitive_attributes": [],
          "private": "bnVsbA==",
          "dependencies": [
            "keycloak_group.admins",
            "keycloak_realm.teste"
          ]
        }
      ]
    },
    {
      "mode": "managed",
      "type": "keycloak_group_roles",
      "name": "users_roles",
      "provider": "provider[\"registry.terraform.io/keycloak/keycloak\"]",
      "instances": [
        {
          "schema_version": 0,
          "attributes": {
            "exhaustive": true,
            "group_id": "347fcd96-9f06-4668-9cfa-75165165933a",
            "id": "teste/347fcd96-9f06-4668-9cfa-75165165933a",
            "realm_id": "teste",
            "role_ids": [
              "teste"
            ]
          },
          "sensitive_attributes": [],
          "private": "bnVsbA==",
          "dependencies": [
            "keycloak_group.users",
            "keycloak_realm.teste"
          ]
        }
      ]
    },
    {
      "mode": "managed",
      "type": "keycloak_openid_client",
      "name": "client_registrador",
      "provider": "provider[\"registry.terraform.io/keycloak/keycloak\"]",
      "instances": [
        {
          "schema_version": 0,
          "attributes": {
            "access_token_lifespan": "",
            "access_type": "CONFIDENTIAL",
            "admin_url": "",
            "always_display_in_console": false,
            "authentication_flow_binding_overrides": [],
            "authorization": [],
            "backchannel_logout_revoke_offline_sessions": false,
            "backchannel_logout_session_required": true,
            "backchannel_logout_url": "",
            "base_url": "",
            "client_authenticator_type": "client-secret",
            "client_id": "registrador",
            "client_offline_session_idle_timeout": "",
            "client_offline_session_max_lifespan": "",
            "client_secret": "segredo123",
            "client_session_idle_timeout": "",
            "client_session_max_lifespan": "",
            "consent_required": false,
            "consent_screen_text": "",
            "description": "",
            "direct_access_grants_enabled": false,
            "display_on_consent_screen": false,
            "enabled": true,
            "exclude_issuer_from_auth_response": null,
            "exclude_session_state_from_auth_response": null,
            "extra_config": {},
            "frontchannel_logout_enabled": false,
            "frontchannel_logout_url": "",
            "full_scope_allowed": true,
            "id": "8bfece92-2a4a-46c1-9294-e4fbf3821343",
            "implicit_flow_enabled": false,
            "import": false,
            "login_theme": "",
            "name": "Client Registrador",
            "oauth2_device_authorization_grant_enabled": false,
            "oauth2_device_code_lifespan": "",
            "oauth2_device_polling_interval": "",
            "pkce_code_challenge_method": null,
            "realm_id": "teste",
            "resource_server_id": null,
            "root_url": "",
            "service_account_user_id": "d455b20d-ebcc-405b-956f-ef4cc36fbf45",
            "service_accounts_enabled": true,
            "standard_flow_enabled": false,
            "use_refresh_tokens": true,
            "use_refresh_tokens_client_credentials": false,
            "valid_post_logout_redirect_uris": [],
            "valid_redirect_uris": [],
            "web_origins": []
          },
          "sensitive_attributes": [
            [
              {
                "type": "get_attr",
                "value": "client_secret"
              }
            ]
          ],
          "private": "bnVsbA==",
          "dependencies": [
            "keycloak_realm.teste"
          ]
        }
      ]
    },
    {
      "mode": "managed",
      "type": "keycloak_openid_client",
      "name": "dynamic_client_registration",
      "provider": "provider[\"registry.terraform.io/keycloak/keycloak\"]",
      "instances": [
        {
          "schema_version": 0,
          "attributes": {
            "access_token_lifespan": "",
            "access_type": "PUBLIC",
            "admin_url": "",
            "always_display_in_console": false,
            "authentication_flow_binding_overrides": [],
            "authorization": [],
            "backchannel_logout_revoke_offline_sessions": false,
            "backchannel_logout_session_required": true,
            "backchannel_logout_url": "",
            "base_url": "",
            "client_authenticator_type": "client-secret",
            "client_id": "dynamic-client-registration",
            "client_offline_session_idle_timeout": "",
            "client_offline_session_max_lifespan": "",
            "client_secret": "",
            "client_session_idle_timeout": "",
            "client_session_max_lifespan": "",
            "consent_required": false,
            "consent_screen_text": "",
            "description": "",
            "direct_access_grants_enabled": true,
            "display_on_consent_screen": false,
            "enabled": true,
            "exclude_issuer_from_auth_response": null,
            "exclude_session_state_from_auth_response": null,
            "extra_config": {},
            "frontchannel_logout_enabled": false,
            "frontchannel_logout_url": "",
            "full_scope_allowed": true,
            "id": "8b1d97af-aa73-497b-b19c-0e162c1e8b10",
            "implicit_flow_enabled": false,
            "import": false,
            "login_theme": "",
            "name": "Dynamic Client Registration",
            "oauth2_device_authorization_grant_enabled": false,
            "oauth2_device_code_lifespan": "",
            "oauth2_device_polling_interval": "",
            "pkce_code_challenge_method": null,
            "realm_id": "teste",
            "resource_server_id": null,
            "root_url": "",
            "service_account_user_id": "",
            "service_accounts_enabled": false,
            "standard_flow_enabled": true,
            "use_refresh_tokens": true,
            "use_refresh_tokens_client_credentials": false,
            "valid_post_logout_redirect_uris": [],
            "valid_redirect_uris": [
              "http://localhost:3000/callback"
            ],
            "web_origins": []
          },
          "sensitive_attributes": [
            [
              {
                "type": "get_attr",
                "value": "client_secret"
              }
            ]
          ],
          "private": "bnVsbA==",
          "dependencies": [
            "keycloak_realm.teste"
          ]
        }
      ]
    },
    {
      "mode": "managed",
      "type": "keycloak_realm",
      "name": "teste",
      "provider": "provider[\"registry.terraform.io/keycloak/keycloak\"]",
      "instances": [
        {
          "schema_version": 0,
          "attributes": {
            "access_code_lifespan": "1m0s",
            "access_code_lifespan_login": "30m0s",
            "access_code_lifespan_user_action": "5m0s",
            "access_token_lifespan": "5m0s",
            "access_token_lifespan_for_implicit_flow": "15m0s",
            "account_theme": "",
            "action_token_generated_by_admin_lifespan": "12h0m0s",
            "action_token_generated_by_user_lifespan": "5m0s",
            "admin_theme": "",
            "attributes": {},
            "browser_flow": "browser",
            "client_authentication_flow": "clients",
            "client_session_idle_timeout": "0s",
            "client_session_max_lifespan": "0s",
            "default_default_client_scopes": [],
            "default_optional_client_scopes": [],
            "default_signature_algorithm": "",
            "direct_grant_flow": "direct grant",
            "display_name": "Teste Realm",
            "display_name_html": "",
            "docker_authentication_flow": "docker auth",
            "duplicate_emails_allowed": false,
            "edit_username_allowed": false,
            "email_theme": "",
            "enabled": true,
            "first_broker_login_flow": "first broker login",
            "id": "teste",
            "internal_id": "teste",
            "internationalization": [
              {
                "default_locale": "pt-BR",
                "supported_locales": [
                  "en",
                  "es",
                  "pt-BR"
                ]
              }
            ],
            "login_theme": "",
            "login_with_email_allowed": false,
            "oauth2_device_code_lifespan": "10m0s",
            "oauth2_device_polling_interval": 5,
            "offline_session_idle_timeout": "720h0m0s",
            "offline_session_max_lifespan": "1440h0m0s",
            "offline_session_max_lifespan_enabled": false,
            "organizations_enabled": false,
            "otp_policy": [
              {
                "algorithm": "HmacSHA1",
                "digits": 6,
                "initial_counter": 0,
                "look_ahead_window": 1,
                "period": 30,
                "type": "totp"
              }
            ],
            "password_policy": "",
            "realm": "teste",
            "refresh_token_max_reuse": 0,
            "registration_allowed": true,
            "registration_email_as_username": false,
            "registration_flow": "registration",
            "remember_me": true,
            "reset_credentials_flow": "reset credentials",
            "reset_password_allowed": false,
            "revoke_refresh_token": false,
            "security_defenses": [],
            "smtp_server": [],
            "ssl_required": "none",
            "sso_session_idle_timeout": "30m0s",
            "sso_session_idle_timeout_remember_me": "0s",
            "sso_session_max_lifespan": "10h0m0s",
            "sso_session_max_lifespan_remember_me": "0s",
            "user_managed_access": false,
            "verify_email": false,
            "web_authn_passwordless_policy": [
              {
                "acceptable_aaguids": [],
                "attestation_conveyance_preference": "not specified",
                "authenticator_attachment": "not specified",
                "avoid_same_authenticator_register": false,
                "create_timeout": 0,
                "extra_origins": [],
                "relying_party_entity_name": "keycloak",
                "relying_party_id": "",
                "require_resident_key": "not specified",
                "signature_algorithms": [
                  "ES256",
                  "RS256"
                ],
                "user_verification_requirement": "not specified"
              }
            ],
            "web_authn_policy": [
              {
                "acceptable_aaguids": [],
                "attestation_conveyance_preference": "not specified",
                "authenticator_attachment": "not specified",
                "avoid_same_authenticator_register": false,
                "create_timeout": 0,
                "extra_origins": [],
                "relying_party_entity_name": "keycloak",
                "relying_party_id": "",
                "require_resident_key": "not specified",
                "signature_algorithms": [
                  "ES256",
                  "RS256"
                ],
                "user_verification_requirement": "not specified"
              }
            ]
          },
          "sensitive_attributes": [],
          "private": "bnVsbA=="
        }
      ]
    },
    {
      "mode": "managed",
      "type": "keycloak_user",
      "name": "Marcelo",
      "provider": "provider[\"registry.terraform.io/keycloak/keycloak\"]",
      "instances": [
        {
          "schema_version": 0,
          "attributes": {
            "attributes": {},
            "email": "Marcelo@exemplo.com",
            "email_verified": false,
            "enabled": true,
            "federated_identity": [],
            "first_name": "Marcelo",
            "id": "84d185c9-eb98-44f3-ac2d-0a60f57c641d",
            "import": false,
            "initial_password": [],
            "last_name": "Um",
            "realm_id": "teste",
            "required_actions": [],
            "username": "marcelo"
          },
          "sensitive_attributes": [],
          "private": "bnVsbA==",
          "dependencies": [
            "keycloak_realm.teste"
          ]
        }
      ]
    },
    {
      "mode": "managed",
      "type": "keycloak_user",
      "name": "Rosa",
      "provider": "provider[\"registry.terraform.io/keycloak/keycloak\"]",
      "instances": [
        {
          "schema_version": 0,
          "attributes": {
            "attributes": {},
            "email": "Rosa@exemplo.com",
            "email_verified": false,
            "enabled": true,
            "federated_identity": [],
            "first_name": "Rosa",
            "id": "d52bf0c2-8ef1-40b5-bec2-2be3f2636d81",
            "import": false,
            "initial_password": [],
            "last_name": "Dois",
            "realm_id": "teste",
            "required_actions": [],
            "username": "rosa"
          },
          "sensitive_attributes": [],
          "private": "bnVsbA==",
          "dependencies": [
            "keycloak_realm.teste"
          ]
        }
      ]
    }
  ],
  "check_results": null
}
